// !$*UTF8*$!
{
	archiveVersion = 1;
	classes = {
	};
	objectVersion = 46;
	objects = {

/* Begin PBXBuildFile section */
		15D8FC49363A440D8AC63213 /* Pods_NVRadioData.framework in Frameworks */ = {isa = PBXBuildFile; fileRef = 0A8AE7E060A8910FDE5600FA /* Pods_NVRadioData.framework */; };
		350F8A341F5419E800D3A217 /* AppDelegate.m in Sources */ = {isa = PBXBuildFile; fileRef = 350F8A331F5419E800D3A217 /* AppDelegate.m */; };
		350F8A371F5419E800D3A217 /* main.m in Sources */ = {isa = PBXBuildFile; fileRef = 350F8A361F5419E800D3A217 /* main.m */; };
		350F8A3C1F5419E800D3A217 /* Assets.xcassets in Resources */ = {isa = PBXBuildFile; fileRef = 350F8A3B1F5419E800D3A217 /* Assets.xcassets */; };
		350F8A3F1F5419E800D3A217 /* Main.storyboard in Resources */ = {isa = PBXBuildFile; fileRef = 350F8A3D1F5419E800D3A217 /* Main.storyboard */; };
		350F8A471F541FB300D3A217 /* QuartzCore.framework in Frameworks */ = {isa = PBXBuildFile; fileRef = 350F8A461F541FB300D3A217 /* QuartzCore.framework */; };
		350F8A491F541FC600D3A217 /* Security.framework in Frameworks */ = {isa = PBXBuildFile; fileRef = 350F8A481F541FC600D3A217 /* Security.framework */; };
		350F8A4C1F5443B900D3A217 /* NVMainViewController.m in Sources */ = {isa = PBXBuildFile; fileRef = 350F8A4B1F5443B900D3A217 /* NVMainViewController.m */; };
		352A1D681F55427400040E72 /* NVDropBoxManager.m in Sources */ = {isa = PBXBuildFile; fileRef = 352A1D661F55427400040E72 /* NVDropBoxManager.m */; };
		352A1D6D1F5546ED00040E72 /* NVRadioDataModel.m in Sources */ = {isa = PBXBuildFile; fileRef = 352A1D6C1F5546ED00040E72 /* NVRadioDataModel.m */; };
/* End PBXBuildFile section */

/* Begin PBXFileReference section */
		0A8AE7E060A8910FDE5600FA /* Pods_NVRadioData.framework */ = {isa = PBXFileReference; explicitFileType = wrapper.framework; includeInIndex = 0; path = Pods_NVRadioData.framework; sourceTree = BUILT_PRODUCTS_DIR; };
		350F8A2F1F5419E800D3A217 /* NVRadioData.app */ = {isa = PBXFileReference; explicitFileType = wrapper.application; includeInIndex = 0; path = NVRadioData.app; sourceTree = BUILT_PRODUCTS_DIR; };
		350F8A321F5419E800D3A217 /* AppDelegate.h */ = {isa = PBXFileReference; lastKnownFileType = sourcecode.c.h; path = AppDelegate.h; sourceTree = "<group>"; };
		350F8A331F5419E800D3A217 /* AppDelegate.m */ = {isa = PBXFileReference; lastKnownFileType = sourcecode.c.objc; path = AppDelegate.m; sourceTree = "<group>"; };
		350F8A361F5419E800D3A217 /* main.m */ = {isa = PBXFileReference; lastKnownFileType = sourcecode.c.objc; path = main.m; sourceTree = "<group>"; };
		350F8A3B1F5419E800D3A217 /* Assets.xcassets */ = {isa = PBXFileReference; lastKnownFileType = folder.assetcatalog; path = Assets.xcassets; sourceTree = "<group>"; };
		350F8A3E1F5419E800D3A217 /* Base */ = {isa = PBXFileReference; lastKnownFileType = file.storyboard; name = Base; path = Base.lproj/Main.storyboard; sourceTree = "<group>"; };
		350F8A401F5419E800D3A217 /* Info.plist */ = {isa = PBXFileReference; lastKnownFileType = text.plist.xml; path = Info.plist; sourceTree = "<group>"; };
		350F8A461F541FB300D3A217 /* QuartzCore.framework */ = {isa = PBXFileReference; lastKnownFileType = wrapper.framework; name = QuartzCore.framework; path = System/Library/Frameworks/QuartzCore.framework; sourceTree = SDKROOT; };
		350F8A481F541FC600D3A217 /* Security.framework */ = {isa = PBXFileReference; lastKnownFileType = wrapper.framework; name = Security.framework; path = System/Library/Frameworks/Security.framework; sourceTree = SDKROOT; };
		350F8A4A1F5443B900D3A217 /* NVMainViewController.h */ = {isa = PBXFileReference; fileEncoding = 4; lastKnownFileType = sourcecode.c.h; path = NVMainViewController.h; sourceTree = "<group>"; };
		350F8A4B1F5443B900D3A217 /* NVMainViewController.m */ = {isa = PBXFileReference; fileEncoding = 4; lastKnownFileType = sourcecode.c.objc; path = NVMainViewController.m; sourceTree = "<group>"; };
		352A1D651F55427400040E72 /* NVDropBoxManager.h */ = {isa = PBXFileReference; fileEncoding = 4; lastKnownFileType = sourcecode.c.h; path = NVDropBoxManager.h; sourceTree = "<group>"; };
		352A1D661F55427400040E72 /* NVDropBoxManager.m */ = {isa = PBXFileReference; fileEncoding = 4; lastKnownFileType = sourcecode.c.objc; path = NVDropBoxManager.m; sourceTree = "<group>"; };
		352A1D6B1F5546ED00040E72 /* NVRadioDataModel.h */ = {isa = PBXFileReference; fileEncoding = 4; lastKnownFileType = sourcecode.c.h; path = NVRadioDataModel.h; sourceTree = "<group>"; };
		352A1D6C1F5546ED00040E72 /* NVRadioDataModel.m */ = {isa = PBXFileReference; fileEncoding = 4; lastKnownFileType = sourcecode.c.objc; path = NVRadioDataModel.m; sourceTree = "<group>"; };
		7C0EFEC54F6830EF0FA45777 /* Pods-NVRadioData.debug.xcconfig */ = {isa = PBXFileReference; includeInIndex = 1; lastKnownFileType = text.xcconfig; name = "Pods-NVRadioData.debug.xcconfig"; path = "Pods/Target Support Files/Pods-NVRadioData/Pods-NVRadioData.debug.xcconfig"; sourceTree = "<group>"; };
		FAF2A682330E3A18D5F1D695 /* Pods-NVRadioData.release.xcconfig */ = {isa = PBXFileReference; includeInIndex = 1; lastKnownFileType = text.xcconfig; name = "Pods-NVRadioData.release.xcconfig"; path = "Pods/Target Support Files/Pods-NVRadioData/Pods-NVRadioData.release.xcconfig"; sourceTree = "<group>"; };
/* End PBXFileReference section */

/* Begin PBXFrameworksBuildPhase section */
		350F8A2C1F5419E800D3A217 /* Frameworks */ = {
			isa = PBXFrameworksBuildPhase;
			buildActionMask = 2147483647;
			files = (
				350F8A491F541FC600D3A217 /* Security.framework in Frameworks */,
				350F8A471F541FB300D3A217 /* QuartzCore.framework in Frameworks */,
				15D8FC49363A440D8AC63213 /* Pods_NVRadioData.framework in Frameworks */,
			);
			runOnlyForDeploymentPostprocessing = 0;
		};
/* End PBXFrameworksBuildPhase section */

/* Begin PBXGroup section */
		350F8A261F5419E800D3A217 = {
			isa = PBXGroup;
			children = (
				350F8A311F5419E800D3A217 /* NVRadioData */,
				350F8A301F5419E800D3A217 /* Products */,
				B6282DF626317A3D213BBEBA /* Pods */,
				6C3AF5FB42F10A022B26CFC0 /* Frameworks */,
			);
			sourceTree = "<group>";
		};
		350F8A301F5419E800D3A217 /* Products */ = {
			isa = PBXGroup;
			children = (
				350F8A2F1F5419E800D3A217 /* NVRadioData.app */,
			);
			name = Products;
			sourceTree = "<group>";
		};
		350F8A311F5419E800D3A217 /* NVRadioData */ = {
			isa = PBXGroup;
			children = (
				352A1D6A1F5546CF00040E72 /* Models */,
				350F8A4D1F54442600D3A217 /* ViewControllers */,
				352A1D651F55427400040E72 /* NVDropBoxManager.h */,
				352A1D661F55427400040E72 /* NVDropBoxManager.m */,
				350F8A3D1F5419E800D3A217 /* Main.storyboard */,
				350F8A351F5419E800D3A217 /* Supporting Files */,
			);
			path = NVRadioData;
			sourceTree = "<group>";
		};
		350F8A351F5419E800D3A217 /* Supporting Files */ = {
			isa = PBXGroup;
			children = (
				350F8A321F5419E800D3A217 /* AppDelegate.h */,
				350F8A331F5419E800D3A217 /* AppDelegate.m */,
				350F8A3B1F5419E800D3A217 /* Assets.xcassets */,
				350F8A401F5419E800D3A217 /* Info.plist */,
				350F8A361F5419E800D3A217 /* main.m */,
			);
			name = "Supporting Files";
			sourceTree = "<group>";
		};
		350F8A4D1F54442600D3A217 /* ViewControllers */ = {
			isa = PBXGroup;
			children = (
				350F8A4A1F5443B900D3A217 /* NVMainViewController.h */,
				350F8A4B1F5443B900D3A217 /* NVMainViewController.m */,
			);
			name = ViewControllers;
			sourceTree = "<group>";
		};
		352A1D6A1F5546CF00040E72 /* Models */ = {
			isa = PBXGroup;
			children = (
				352A1D6B1F5546ED00040E72 /* NVRadioDataModel.h */,
				352A1D6C1F5546ED00040E72 /* NVRadioDataModel.m */,
			);
			name = Models;
			sourceTree = "<group>";
		};
		6C3AF5FB42F10A022B26CFC0 /* Frameworks */ = {
			isa = PBXGroup;
			children = (
				350F8A481F541FC600D3A217 /* Security.framework */,
				350F8A461F541FB300D3A217 /* QuartzCore.framework */,
				0A8AE7E060A8910FDE5600FA /* Pods_NVRadioData.framework */,
			);
			name = Frameworks;
			sourceTree = "<group>";
		};
		B6282DF626317A3D213BBEBA /* Pods */ = {
			isa = PBXGroup;
			children = (
				7C0EFEC54F6830EF0FA45777 /* Pods-NVRadioData.debug.xcconfig */,
				FAF2A682330E3A18D5F1D695 /* Pods-NVRadioData.release.xcconfig */,
			);
			name = Pods;
			sourceTree = "<group>";
		};
/* End PBXGroup section */

/* Begin PBXNativeTarget section */
		350F8A2E1F5419E800D3A217 /* NVRadioData */ = {
			isa = PBXNativeTarget;
			buildConfigurationList = 350F8A431F5419E800D3A217 /* Build configuration list for PBXNativeTarget "NVRadioData" */;
			buildPhases = (
				5263CD6D04CBA3B5CACCFABE /* [CP] Check Pods Manifest.lock */,
				350F8A2B1F5419E800D3A217 /* Sources */,
				350F8A2C1F5419E800D3A217 /* Frameworks */,
				350F8A2D1F5419E800D3A217 /* Resources */,
				7EC0E3A5827CC76963D761F1 /* [CP] Embed Pods Frameworks */,
				5232B254B6CA00E03B112F8C /* [CP] Copy Pods Resources */,
			);
			buildRules = (
			);
			dependencies = (
			);
			name = NVRadioData;
			productName = NVRadioData;
			productReference = 350F8A2F1F5419E800D3A217 /* NVRadioData.app */;
			productType = "com.apple.product-type.application";
		};
/* End PBXNativeTarget section */

/* Begin PBXProject section */
		350F8A271F5419E800D3A217 /* Project object */ = {
			isa = PBXProject;
			attributes = {
				LastUpgradeCheck = 0830;
				ORGANIZATIONNAME = "mac-228";
				TargetAttributes = {
					350F8A2E1F5419E800D3A217 = {
						CreatedOnToolsVersion = 8.3.3;
						DevelopmentTeam = X85RG62ZLZ;
						ProvisioningStyle = Automatic;
					};
				};
			};
			buildConfigurationList = 350F8A2A1F5419E800D3A217 /* Build configuration list for PBXProject "NVRadioData" */;
			compatibilityVersion = "Xcode 3.2";
			developmentRegion = English;
			hasScannedForEncodings = 0;
			knownRegions = (
				en,
				Base,
			);
			mainGroup = 350F8A261F5419E800D3A217;
			productRefGroup = 350F8A301F5419E800D3A217 /* Products */;
			projectDirPath = "";
			projectRoot = "";
			targets = (
				350F8A2E1F5419E800D3A217 /* NVRadioData */,
			);
		};
/* End PBXProject section */

/* Begin PBXResourcesBuildPhase section */
		350F8A2D1F5419E800D3A217 /* Resources */ = {
			isa = PBXResourcesBuildPhase;
			buildActionMask = 2147483647;
			files = (
				350F8A3C1F5419E800D3A217 /* Assets.xcassets in Resources */,
				350F8A3F1F5419E800D3A217 /* Main.storyboard in Resources */,
			);
			runOnlyForDeploymentPostprocessing = 0;
		};
/* End PBXResourcesBuildPhase section */

/* Begin PBXShellScriptBuildPhase section */
		5232B254B6CA00E03B112F8C /* [CP] Copy Pods Resources */ = {
			isa = PBXShellScriptBuildPhase;
			buildActionMask = 2147483647;
			files = (
			);
			inputPaths = (
			);
			name = "[CP] Copy Pods Resources";
			outputPaths = (
			);
			runOnlyForDeploymentPostprocessing = 0;
			shellPath = /bin/sh;
			shellScript = "\"${SRCROOT}/Pods/Target Support Files/Pods-NVRadioData/Pods-NVRadioData-resources.sh\"\n";
			showEnvVarsInLog = 0;
		};
		5263CD6D04CBA3B5CACCFABE /* [CP] Check Pods Manifest.lock */ = {
			isa = PBXShellScriptBuildPhase;
			buildActionMask = 2147483647;
			files = (
			);
			inputPaths = (
				"${PODS_PODFILE_DIR_PATH}/Podfile.lock",
				"${PODS_ROOT}/Manifest.lock",
			);
			name = "[CP] Check Pods Manifest.lock";
			outputPaths = (
				"$(DERIVED_FILE_DIR)/Pods-NVRadioData-checkManifestLockResult.txt",
			);
			runOnlyForDeploymentPostprocessing = 0;
			shellPath = /bin/sh;
			shellScript = "diff \"${PODS_PODFILE_DIR_PATH}/Podfile.lock\" \"${PODS_ROOT}/Manifest.lock\" > /dev/null\nif [ $? != 0 ] ; then\n    # print error to STDERR\n    echo \"error: The sandbox is not in sync with the Podfile.lock. Run 'pod install' or update your CocoaPods installation.\" >&2\n    exit 1\nfi\n# This output is used by Xcode 'outputs' to avoid re-running this script phase.\necho \"SUCCESS\" > \"${SCRIPT_OUTPUT_FILE_0}\"\n";
			showEnvVarsInLog = 0;
		};
		7EC0E3A5827CC76963D761F1 /* [CP] Embed Pods Frameworks */ = {
			isa = PBXShellScriptBuildPhase;
			buildActionMask = 2147483647;
			files = (
			);
			inputPaths = (
				"${SRCROOT}/Pods/Target Support Files/Pods-NVRadioData/Pods-NVRadioData-frameworks.sh",
				"${BUILT_PRODUCTS_DIR}/ObjectiveDropboxOfficial/ObjectiveDropboxOfficial.framework",
			);
			name = "[CP] Embed Pods Frameworks";
			outputPaths = (
				"${TARGET_BUILD_DIR}/${FRAMEWORKS_FOLDER_PATH}/ObjectiveDropboxOfficial.framework",
			);
			runOnlyForDeploymentPostprocessing = 0;
			shellPath = /bin/sh;
			shellScript = "\"${SRCROOT}/Pods/Target Support Files/Pods-NVRadioData/Pods-NVRadioData-frameworks.sh\"\n";
			showEnvVarsInLog = 0;
		};
/* End PBXShellScriptBuildPhase section */

/* Begin PBXSourcesBuildPhase section */
		350F8A2B1F5419E800D3A217 /* Sources */ = {
			isa = PBXSourcesBuildPhase;
			buildActionMask = 2147483647;
			files = (
				350F8A371F5419E800D3A217 /* main.m in Sources */,
				352A1D6D1F5546ED00040E72 /* NVRadioDataModel.m in Sources */,
				350F8A4C1F5443B900D3A217 /* NVMainViewController.m in Sources */,
				352A1D681F55427400040E72 /* NVDropBoxManager.m in Sources */,
				350F8A341F5419E800D3A217 /* AppDelegate.m in Sources */,
			);
			runOnlyForDeploymentPostprocessing = 0;
		};
/* End PBXSourcesBuildPhase section */

/* Begin PBXVariantGroup section */
		350F8A3D1F5419E800D3A217 /* Main.storyboard */ = {
			isa = PBXVariantGroup;
			children = (
				350F8A3E1F5419E800D3A217 /* Base */,
			);
			name = Main.storyboard;
			sourceTree = "<group>";
		};
/* End PBXVariantGroup section */

/* Begin XCBuildConfiguration section */
		350F8A411F5419E800D3A217 /* Debug */ = {
			isa = XCBuildConfiguration;
			buildSettings = {
				ALWAYS_SEARCH_USER_PATHS = NO;
				CLANG_ANALYZER_NONNULL = YES;
				CLANG_ANALYZER_NUMBER_OBJECT_CONVERSION = YES_AGGRESSIVE;
				CLANG_CXX_LANGUAGE_STANDARD = "gnu++0x";
				CLANG_CXX_LIBRARY = "libc++";
				CLANG_ENABLE_MODULES = YES;
				CLANG_ENABLE_OBJC_ARC = YES;
				CLANG_WARN_BOOL_CONVERSION = YES;
				CLANG_WARN_CONSTANT_CONVERSION = YES;
				CLANG_WARN_DIRECT_OBJC_ISA_USAGE = YES_ERROR;
				CLANG_WARN_DOCUMENTATION_COMMENTS = YES;
				CLANG_WARN_EMPTY_BODY = YES;
				CLANG_WARN_ENUM_CONVERSION = YES;
				CLANG_WARN_INFINITE_RECURSION = YES;
				CLANG_WARN_INT_CONVERSION = YES;
				CLANG_WARN_OBJC_ROOT_CLASS = YES_ERROR;
				CLANG_WARN_SUSPICIOUS_MOVE = YES;
				CLANG_WARN_UNREACHABLE_CODE = YES;
				CLANG_WARN__DUPLICATE_METHOD_MATCH = YES;
				CODE_SIGN_IDENTITY = "-";
				COPY_PHASE_STRIP = NO;
				DEBUG_INFORMATION_FORMAT = dwarf;
				ENABLE_STRICT_OBJC_MSGSEND = YES;
				ENABLE_TESTABILITY = YES;
				GCC_C_LANGUAGE_STANDARD = gnu99;
				GCC_DYNAMIC_NO_PIC = NO;
				GCC_NO_COMMON_BLOCKS = YES;
				GCC_OPTIMIZATION_LEVEL = 0;
				GCC_PREPROCESSOR_DEFINITIONS = (
					"DEBUG=1",
					"$(inherited)",
				);
				GCC_WARN_64_TO_32_BIT_CONVERSION = YES;
				GCC_WARN_ABOUT_RETURN_TYPE = YES_ERROR;
				GCC_WARN_UNDECLARED_SELECTOR = YES;
				GCC_WARN_UNINITIALIZED_AUTOS = YES_AGGRESSIVE;
				GCC_WARN_UNUSED_FUNCTION = YES;
				GCC_WARN_UNUSED_VARIABLE = YES;
				MACOSX_DEPLOYMENT_TARGET = 10.12;
				MTL_ENABLE_DEBUG_INFO = YES;
				ONLY_ACTIVE_ARCH = YES;
				SDKROOT = macosx;
			};
			name = Debug;
		};
		350F8A421F5419E800D3A217 /* Release */ = {
			isa = XCBuildConfiguration;
			buildSettings = {
				ALWAYS_SEARCH_USER_PATHS = NO;
				CLANG_ANALYZER_NONNULL = YES;
				CLANG_ANALYZER_NUMBER_OBJECT_CONVERSION = YES_AGGRESSIVE;
				CLANG_CXX_LANGUAGE_STANDARD = "gnu++0x";
				CLANG_CXX_LIBRARY = "libc++";
				CLANG_ENABLE_MODULES = YES;
				CLANG_ENABLE_OBJC_ARC = YES;
				CLANG_WARN_BOOL_CONVERSION = YES;
				CLANG_WARN_CONSTANT_CONVERSION = YES;
				CLANG_WARN_DIRECT_OBJC_ISA_USAGE = YES_ERROR;
				CLANG_WARN_DOCUMENTATION_COMMENTS = YES;
				CLANG_WARN_EMPTY_BODY = YES;
				CLANG_WARN_ENUM_CONVERSION = YES;
				CLANG_WARN_INFINITE_RECURSION = YES;
				CLANG_WARN_INT_CONVERSION = YES;
				CLANG_WARN_OBJC_ROOT_CLASS = YES_ERROR;
				CLANG_WARN_SUSPICIOUS_MOVE = YES;
				CLANG_WARN_UNREACHABLE_CODE = YES;
				CLANG_WARN__DUPLICATE_METHOD_MATCH = YES;
				CODE_SIGN_IDENTITY = "-";
				COPY_PHASE_STRIP = NO;
				DEBUG_INFORMATION_FORMAT = "dwarf-with-dsym";
				ENABLE_NS_ASSERTIONS = NO;
				ENABLE_STRICT_OBJC_MSGSEND = YES;
				GCC_C_LANGUAGE_STANDARD = gnu99;
				GCC_NO_COMMON_BLOCKS = YES;
				GCC_WARN_64_TO_32_BIT_CONVERSION = YES;
				GCC_WARN_ABOUT_RETURN_TYPE = YES_ERROR;
				GCC_WARN_UNDECLARED_SELECTOR = YES;
				GCC_WARN_UNINITIALIZED_AUTOS = YES_AGGRESSIVE;
				GCC_WARN_UNUSED_FUNCTION = YES;
				GCC_WARN_UNUSED_VARIABLE = YES;
				MACOSX_DEPLOYMENT_TARGET = 10.12;
				MTL_ENABLE_DEBUG_INFO = NO;
				SDKROOT = macosx;
			};
			name = Release;
		};
		350F8A441F5419E800D3A217 /* Debug */ = {
			isa = XCBuildConfiguration;
			baseConfigurationReference = 7C0EFEC54F6830EF0FA45777 /* Pods-NVRadioData.debug.xcconfig */;
			buildSettings = {
				ASSETCATALOG_COMPILER_APPICON_NAME = AppIcon;
				COMBINE_HIDPI_IMAGES = YES;
				DEVELOPMENT_TEAM = X85RG62ZLZ;
				INFOPLIST_FILE = NVRadioData/Info.plist;
				LD_RUNPATH_SEARCH_PATHS = "$(inherited) @executable_path/../Frameworks";
				PRODUCT_BUNDLE_IDENTIFIER = NV.NVRadioData;
				PRODUCT_NAME = "$(TARGET_NAME)";
			};
			name = Debug;
		};
		350F8A451F5419E800D3A217 /* Release */ = {
			isa = XCBuildConfiguration;
			baseConfigurationReference = FAF2A682330E3A18D5F1D695 /* Pods-NVRadioData.release.xcconfig */;
			buildSettings = {
				ASSETCATALOG_COMPILER_APPICON_NAME = AppIcon;
				COMBINE_HIDPI_IMAGES = YES;
				DEVELOPMENT_TEAM = X85RG62ZLZ;
				INFOPLIST_FILE = NVRadioData/Info.plist;
				LD_RUNPATH_SEARCH_PATHS = "$(inherited) @executable_path/../Frameworks";
				PRODUCT_BUNDLE_IDENTIFIER = NV.NVRadioData;
				PRODUCT_NAME = "$(TARGET_NAME)";
			};
			name = Release;
		};
/* End XCBuildConfiguration section */

/* Begin XCConfigurationList section */
		350F8A2A1F5419E800D3A217 /* Build configuration list for PBXProject "NVRadioData" */ = {
			isa = XCConfigurationList;
			buildConfigurations = (
				350F8A411F5419E800D3A217 /* Debug */,
				350F8A421F5419E800D3A217 /* Release */,
			);
			defaultConfigurationIsVisible = 0;
			defaultConfigurationName = Release;
		};
		350F8A431F5419E800D3A217 /* Build configuration list for PBXNativeTarget "NVRadioData" */ = {
			isa = XCConfigurationList;
			buildConfigurations = (
				350F8A441F5419E800D3A217 /* Debug */,
				350F8A451F5419E800D3A217 /* Release */,
			);
			defaultConfigurationIsVisible = 0;
			defaultConfigurationName = Release;
		};
/* End XCConfigurationList section */
	};
	rootObject = 350F8A271F5419E800D3A217 /* Project object */;
}
